// !$*UTF8*$!
{
	archiveVersion = 1;
	classes = {
	};
	objectVersion = 46;
	objects = {

/* Begin PBXBuildFile section */
		9B23BE451F3A9FC800C4D9C3 /* AppDelegate.swift in Sources */ = {isa = PBXBuildFile; fileRef = 9B23BE441F3A9FC800C4D9C3 /* AppDelegate.swift */; };
		9B23BE471F3A9FC800C4D9C3 /* LoginVC.swift in Sources */ = {isa = PBXBuildFile; fileRef = 9B23BE461F3A9FC800C4D9C3 /* LoginVC.swift */; };
		9B23BE4A1F3A9FC800C4D9C3 /* Main.storyboard in Resources */ = {isa = PBXBuildFile; fileRef = 9B23BE481F3A9FC800C4D9C3 /* Main.storyboard */; };
		9B23BE4C1F3A9FC800C4D9C3 /* Assets.xcassets in Resources */ = {isa = PBXBuildFile; fileRef = 9B23BE4B1F3A9FC800C4D9C3 /* Assets.xcassets */; };
		9B23BE4F1F3A9FC800C4D9C3 /* LaunchScreen.storyboard in Resources */ = {isa = PBXBuildFile; fileRef = 9B23BE4D1F3A9FC800C4D9C3 /* LaunchScreen.storyboard */; };
		9B23BE5A1F3A9FC800C4D9C3 /* swapingscreensTests.swift in Sources */ = {isa = PBXBuildFile; fileRef = 9B23BE591F3A9FC800C4D9C3 /* swapingscreensTests.swift */; };
		9B23BE651F3A9FC900C4D9C3 /* swapingscreensUITests.swift in Sources */ = {isa = PBXBuildFile; fileRef = 9B23BE641F3A9FC900C4D9C3 /* swapingscreensUITests.swift */; };
		9B23BE731F3AA5D600C4D9C3 /* MusicListVC.swift in Sources */ = {isa = PBXBuildFile; fileRef = 9B23BE721F3AA5D600C4D9C3 /* MusicListVC.swift */; };
		9B564CCA1F3F75C400D7C547 /* PlaySongVC.swift in Sources */ = {isa = PBXBuildFile; fileRef = 9B564CC91F3F75C400D7C547 /* PlaySongVC.swift */; };
/* End PBXBuildFile section */

/* Begin PBXContainerItemProxy section */
		9B23BE561F3A9FC800C4D9C3 /* PBXContainerItemProxy */ = {
			isa = PBXContainerItemProxy;
			containerPortal = 9B23BE391F3A9FC800C4D9C3 /* Project object */;
			proxyType = 1;
			remoteGlobalIDString = 9B23BE401F3A9FC800C4D9C3;
			remoteInfo = swapingscreens;
		};
		9B23BE611F3A9FC900C4D9C3 /* PBXContainerItemProxy */ = {
			isa = PBXContainerItemProxy;
			containerPortal = 9B23BE391F3A9FC800C4D9C3 /* Project object */;
			proxyType = 1;
			remoteGlobalIDString = 9B23BE401F3A9FC800C4D9C3;
			remoteInfo = swapingscreens;
		};
/* End PBXContainerItemProxy section */

/* Begin PBXFileReference section */
		9B23BE411F3A9FC800C4D9C3 /* swapingscreens.app */ = {isa = PBXFileReference; explicitFileType = wrapper.application; includeInIndex = 0; path = swapingscreens.app; sourceTree = BUILT_PRODUCTS_DIR; };
		9B23BE441F3A9FC800C4D9C3 /* AppDelegate.swift */ = {isa = PBXFileReference; lastKnownFileType = sourcecode.swift; path = AppDelegate.swift; sourceTree = "<group>"; };
		9B23BE461F3A9FC800C4D9C3 /* LoginVC.swift */ = {isa = PBXFileReference; lastKnownFileType = sourcecode.swift; path = LoginVC.swift; sourceTree = "<group>"; };
		9B23BE491F3A9FC800C4D9C3 /* Base */ = {isa = PBXFileReference; lastKnownFileType = file.storyboard; name = Base; path = Base.lproj/Main.storyboard; sourceTree = "<group>"; };
		9B23BE4B1F3A9FC800C4D9C3 /* Assets.xcassets */ = {isa = PBXFileReference; lastKnownFileType = folder.assetcatalog; path = Assets.xcassets; sourceTree = "<group>"; };
		9B23BE4E1F3A9FC800C4D9C3 /* Base */ = {isa = PBXFileReference; lastKnownFileType = file.storyboard; name = Base; path = Base.lproj/LaunchScreen.storyboard; sourceTree = "<group>"; };
		9B23BE501F3A9FC800C4D9C3 /* Info.plist */ = {isa = PBXFileReference; lastKnownFileType = text.plist.xml; path = Info.plist; sourceTree = "<group>"; };
		9B23BE551F3A9FC800C4D9C3 /* swapingscreensTests.xctest */ = {isa = PBXFileReference; explicitFileType = wrapper.cfbundle; includeInIndex = 0; path = swapingscreensTests.xctest; sourceTree = BUILT_PRODUCTS_DIR; };
		9B23BE591F3A9FC800C4D9C3 /* swapingscreensTests.swift */ = {isa = PBXFileReference; lastKnownFileType = sourcecode.swift; path = swapingscreensTests.swift; sourceTree = "<group>"; };
		9B23BE5B1F3A9FC800C4D9C3 /* Info.plist */ = {isa = PBXFileReference; lastKnownFileType = text.plist.xml; path = Info.plist; sourceTree = "<group>"; };
		9B23BE601F3A9FC900C4D9C3 /* swapingscreensUITests.xctest */ = {isa = PBXFileReference; explicitFileType = wrapper.cfbundle; includeInIndex = 0; path = swapingscreensUITests.xctest; sourceTree = BUILT_PRODUCTS_DIR; };
		9B23BE641F3A9FC900C4D9C3 /* swapingscreensUITests.swift */ = {isa = PBXFileReference; lastKnownFileType = sourcecode.swift; path = swapingscreensUITests.swift; sourceTree = "<group>"; };
		9B23BE661F3A9FC900C4D9C3 /* Info.plist */ = {isa = PBXFileReference; lastKnownFileType = text.plist.xml; path = Info.plist; sourceTree = "<group>"; };
		9B23BE721F3AA5D600C4D9C3 /* MusicListVC.swift */ = {isa = PBXFileReference; fileEncoding = 4; lastKnownFileType = sourcecode.swift; path = MusicListVC.swift; sourceTree = "<group>"; };
		9B564CC91F3F75C400D7C547 /* PlaySongVC.swift */ = {isa = PBXFileReference; fileEncoding = 4; lastKnownFileType = sourcecode.swift; path = PlaySongVC.swift; sourceTree = "<group>"; };
/* End PBXFileReference section */

/* Begin PBXFrameworksBuildPhase section */
		9B23BE3E1F3A9FC800C4D9C3 /* Frameworks */ = {
			isa = PBXFrameworksBuildPhase;
			buildActionMask = 2147483647;
			files = (
			);
			runOnlyForDeploymentPostprocessing = 0;
		};
		9B23BE521F3A9FC800C4D9C3 /* Frameworks */ = {
			isa = PBXFrameworksBuildPhase;
			buildActionMask = 2147483647;
			files = (
			);
			runOnlyForDeploymentPostprocessing = 0;
		};
		9B23BE5D1F3A9FC900C4D9C3 /* Frameworks */ = {
			isa = PBXFrameworksBuildPhase;
			buildActionMask = 2147483647;
			files = (
			);
			runOnlyForDeploymentPostprocessing = 0;
		};
/* End PBXFrameworksBuildPhase section */

/* Begin PBXGroup section */
		9B23BE381F3A9FC800C4D9C3 = {
			isa = PBXGroup;
			children = (
				9B23BE431F3A9FC800C4D9C3 /* swapingscreens */,
				9B23BE581F3A9FC800C4D9C3 /* swapingscreensTests */,
				9B23BE631F3A9FC900C4D9C3 /* swapingscreensUITests */,
				9B23BE421F3A9FC800C4D9C3 /* Products */,
			);
			sourceTree = "<group>";
		};
		9B23BE421F3A9FC800C4D9C3 /* Products */ = {
			isa = PBXGroup;
			children = (
				9B23BE411F3A9FC800C4D9C3 /* swapingscreens.app */,
				9B23BE551F3A9FC800C4D9C3 /* swapingscreensTests.xctest */,
				9B23BE601F3A9FC900C4D9C3 /* swapingscreensUITests.xctest */,
			);
			name = Products;
			sourceTree = "<group>";
		};
		9B23BE431F3A9FC800C4D9C3 /* swapingscreens */ = {
			isa = PBXGroup;
			children = (
				9B23BE441F3A9FC800C4D9C3 /* AppDelegate.swift */,
				9B564CC91F3F75C400D7C547 /* PlaySongVC.swift */,
				9B23BE461F3A9FC800C4D9C3 /* LoginVC.swift */,
				9B23BE481F3A9FC800C4D9C3 /* Main.storyboard */,
				9B23BE4B1F3A9FC800C4D9C3 /* Assets.xcassets */,
				9B23BE4D1F3A9FC800C4D9C3 /* LaunchScreen.storyboard */,
				9B23BE501F3A9FC800C4D9C3 /* Info.plist */,
				9B23BE721F3AA5D600C4D9C3 /* MusicListVC.swift */,
			);
			path = swapingscreens;
			sourceTree = "<group>";
		};
		9B23BE581F3A9FC800C4D9C3 /* swapingscreensTests */ = {
			isa = PBXGroup;
			children = (
				9B23BE591F3A9FC800C4D9C3 /* swapingscreensTests.swift */,
				9B23BE5B1F3A9FC800C4D9C3 /* Info.plist */,
			);
			path = swapingscreensTests;
			sourceTree = "<group>";
		};
		9B23BE631F3A9FC900C4D9C3 /* swapingscreensUITests */ = {
			isa = PBXGroup;
			children = (
				9B23BE641F3A9FC900C4D9C3 /* swapingscreensUITests.swift */,
				9B23BE661F3A9FC900C4D9C3 /* Info.plist */,
			);
			path = swapingscreensUITests;
			sourceTree = "<group>";
		};
/* End PBXGroup section */

/* Begin PBXNativeTarget section */
		9B23BE401F3A9FC800C4D9C3 /* swapingscreens */ = {
			isa = PBXNativeTarget;
			buildConfigurationList = 9B23BE691F3A9FC900C4D9C3 /* Build configuration list for PBXNativeTarget "swapingscreens" */;
			buildPhases = (
				9B23BE3D1F3A9FC800C4D9C3 /* Sources */,
				9B23BE3E1F3A9FC800C4D9C3 /* Frameworks */,
				9B23BE3F1F3A9FC800C4D9C3 /* Resources */,
			);
			buildRules = (
			);
			dependencies = (
			);
			name = swapingscreens;
			productName = swapingscreens;
			productReference = 9B23BE411F3A9FC800C4D9C3 /* swapingscreens.app */;
			productType = "com.apple.product-type.application";
		};
		9B23BE541F3A9FC800C4D9C3 /* swapingscreensTests */ = {
			isa = PBXNativeTarget;
			buildConfigurationList = 9B23BE6C1F3A9FC900C4D9C3 /* Build configuration list for PBXNativeTarget "swapingscreensTests" */;
			buildPhases = (
				9B23BE511F3A9FC800C4D9C3 /* Sources */,
				9B23BE521F3A9FC800C4D9C3 /* Frameworks */,
				9B23BE531F3A9FC800C4D9C3 /* Resources */,
			);
			buildRules = (
			);
			dependencies = (
				9B23BE571F3A9FC800C4D9C3 /* PBXTargetDependency */,
			);
			name = swapingscreensTests;
			productName = swapingscreensTests;
			productReference = 9B23BE551F3A9FC800C4D9C3 /* swapingscreensTests.xctest */;
			productType = "com.apple.product-type.bundle.unit-test";
		};
		9B23BE5F1F3A9FC900C4D9C3 /* swapingscreensUITests */ = {
			isa = PBXNativeTarget;
			buildConfigurationList = 9B23BE6F1F3A9FC900C4D9C3 /* Build configuration list for PBXNativeTarget "swapingscreensUITests" */;
			buildPhases = (
				9B23BE5C1F3A9FC900C4D9C3 /* Sources */,
				9B23BE5D1F3A9FC900C4D9C3 /* Frameworks */,
				9B23BE5E1F3A9FC900C4D9C3 /* Resources */,
			);
			buildRules = (
			);
			dependencies = (
				9B23BE621F3A9FC900C4D9C3 /* PBXTargetDependency */,
			);
			name = swapingscreensUITests;
			productName = swapingscreensUITests;
			productReference = 9B23BE601F3A9FC900C4D9C3 /* swapingscreensUITests.xctest */;
			productType = "com.apple.product-type.bundle.ui-testing";
		};
/* End PBXNativeTarget section */

/* Begin PBXProject section */
		9B23BE391F3A9FC800C4D9C3 /* Project object */ = {
			isa = PBXProject;
			attributes = {
				LastSwiftUpdateCheck = 0830;
				LastUpgradeCheck = 0830;
				ORGANIZATIONNAME = "Chima onyekwere";
				TargetAttributes = {
					9B23BE401F3A9FC800C4D9C3 = {
						CreatedOnToolsVersion = 8.3.3;
						DevelopmentTeam = 8V57DJJGL2;
						ProvisioningStyle = Automatic;
					};
					9B23BE541F3A9FC800C4D9C3 = {
						CreatedOnToolsVersion = 8.3.3;
						DevelopmentTeam = 8V57DJJGL2;
						ProvisioningStyle = Automatic;
						TestTargetID = 9B23BE401F3A9FC800C4D9C3;
					};
					9B23BE5F1F3A9FC900C4D9C3 = {
						CreatedOnToolsVersion = 8.3.3;
						DevelopmentTeam = 8V57DJJGL2;
						ProvisioningStyle = Automatic;
						TestTargetID = 9B23BE401F3A9FC800C4D9C3;
					};
				};
			};
			buildConfigurationList = 9B23BE3C1F3A9FC800C4D9C3 /* Build configuration list for PBXProject "swapingscreens" */;
			compatibilityVersion = "Xcode 3.2";
			developmentRegion = English;
			hasScannedForEncodings = 0;
			knownRegions = (
				en,
				Base,
			);
			mainGroup = 9B23BE381F3A9FC800C4D9C3;
			productRefGroup = 9B23BE421F3A9FC800C4D9C3 /* Products */;
			projectDirPath = "";
			projectRoot = "";
			targets = (
				9B23BE401F3A9FC800C4D9C3 /* swapingscreens */,
				9B23BE541F3A9FC800C4D9C3 /* swapingscreensTests */,
				9B23BE5F1F3A9FC900C4D9C3 /* swapingscreensUITests */,
			);
		};
/* End PBXProject section */

/* Begin PBXResourcesBuildPhase section */
		9B23BE3F1F3A9FC800C4D9C3 /* Resources */ = {
			isa = PBXResourcesBuildPhase;
			buildActionMask = 2147483647;
			files = (
				9B23BE4F1F3A9FC800C4D9C3 /* LaunchScreen.storyboard in Resources */,
				9B23BE4C1F3A9FC800C4D9C3 /* Assets.xcassets in Resources */,
				9B23BE4A1F3A9FC800C4D9C3 /* Main.storyboard in Resources */,
			);
			runOnlyForDeploymentPostprocessing = 0;
		};
		9B23BE531F3A9FC800C4D9C3 /* Resources */ = {
			isa = PBXResourcesBuildPhase;
			buildActionMask = 2147483647;
			files = (
			);
			runOnlyForDeploymentPostprocessing = 0;
		};
		9B23BE5E1F3A9FC900C4D9C3 /* Resources */ = {
			isa = PBXResourcesBuildPhase;
			buildActionMask = 2147483647;
			files = (
			);
			runOnlyForDeploymentPostprocessing = 0;
		};
/* End PBXResourcesBuildPhase section */

/* Begin PBXSourcesBuildPhase section */
		9B23BE3D1F3A9FC800C4D9C3 /* Sources */ = {
			isa = PBXSourcesBuildPhase;
			buildActionMask = 2147483647;
			files = (
				9B23BE731F3AA5D600C4D9C3 /* MusicListVC.swift in Sources */,
				9B564CCA1F3F75C400D7C547 /* PlaySongVC.swift in Sources */,
				9B23BE471F3A9FC800C4D9C3 /* LoginVC.swift in Sources */,
				9B23BE451F3A9FC800C4D9C3 /* AppDelegate.swift in Sources */,
			);
			runOnlyForDeploymentPostprocessing = 0;
		};
		9B23BE511F3A9FC800C4D9C3 /* Sources */ = {
			isa = PBXSourcesBuildPhase;
			buildActionMask = 2147483647;
			files = (
				9B23BE5A1F3A9FC800C4D9C3 /* swapingscreensTests.swift in Sources */,
			);
			runOnlyForDeploymentPostprocessing = 0;
		};
		9B23BE5C1F3A9FC900C4D9C3 /* Sources */ = {
			isa = PBXSourcesBuildPhase;
			buildActionMask = 2147483647;
			files = (
				9B23BE651F3A9FC900C4D9C3 /* swapingscreensUITests.swift in Sources */,
			);
			runOnlyForDeploymentPostprocessing = 0;
		};
/* End PBXSourcesBuildPhase section */

/* Begin PBXTargetDependency section */
		9B23BE571F3A9FC800C4D9C3 /* PBXTargetDependency */ = {
			isa = PBXTargetDependency;
			target = 9B23BE401F3A9FC800C4D9C3 /* swapingscreens */;
			targetProxy = 9B23BE561F3A9FC800C4D9C3 /* PBXContainerItemProxy */;
		};
		9B23BE621F3A9FC900C4D9C3 /* PBXTargetDependency */ = {
			isa = PBXTargetDependency;
			target = 9B23BE401F3A9FC800C4D9C3 /* swapingscreens */;
			targetProxy = 9B23BE611F3A9FC900C4D9C3 /* PBXContainerItemProxy */;
		};
/* End PBXTargetDependency section */

/* Begin PBXVariantGroup section */
		9B23BE481F3A9FC800C4D9C3 /* Main.storyboard */ = {
			isa = PBXVariantGroup;
			children = (
				9B23BE491F3A9FC800C4D9C3 /* Base */,
			);
			name = Main.storyboard;
			sourceTree = "<group>";
		};
		9B23BE4D1F3A9FC800C4D9C3 /* LaunchScreen.storyboard */ = {
			isa = PBXVariantGroup;
			children = (
				9B23BE4E1F3A9FC800C4D9C3 /* Base */,
			);
			name = LaunchScreen.storyboard;
			sourceTree = "<group>";
		};
/* End PBXVariantGroup section */

/* Begin XCBuildConfiguration section */
		9B23BE671F3A9FC900C4D9C3 /* Debug */ = {
			isa = XCBuildConfiguration;
			buildSettings = {
				ALWAYS_SEARCH_USER_PATHS = NO;
				CLANG_ANALYZER_NONNULL = YES;
				CLANG_ANALYZER_NUMBER_OBJECT_CONVERSION = YES_AGGRESSIVE;
				CLANG_CXX_LANGUAGE_STANDARD = "gnu++0x";
				CLANG_CXX_LIBRARY = "libc++";
				CLANG_ENABLE_MODULES = YES;
				CLANG_ENABLE_OBJC_ARC = YES;
				CLANG_WARN_BOOL_CONVERSION = YES;
				CLANG_WARN_CONSTANT_CONVERSION = YES;
				CLANG_WARN_DIRECT_OBJC_ISA_USAGE = YES_ERROR;
				CLANG_WARN_DOCUMENTATION_COMMENTS = YES;
				CLANG_WARN_EMPTY_BODY = YES;
				CLANG_WARN_ENUM_CONVERSION = YES;
				CLANG_WARN_INFINITE_RECURSION = YES;
				CLANG_WARN_INT_CONVERSION = YES;
				CLANG_WARN_OBJC_ROOT_CLASS = YES_ERROR;
				CLANG_WARN_SUSPICIOUS_MOVE = YES;
				CLANG_WARN_UNREACHABLE_CODE = YES;
				CLANG_WARN__DUPLICATE_METHOD_MATCH = YES;
				"CODE_SIGN_IDENTITY[sdk=iphoneos*]" = "iPhone Developer";
				COPY_PHASE_STRIP = NO;
				DEBUG_INFORMATION_FORMAT = dwarf;
				ENABLE_STRICT_OBJC_MSGSEND = YES;
				ENABLE_TESTABILITY = YES;
				GCC_C_LANGUAGE_STANDARD = gnu99;
				GCC_DYNAMIC_NO_PIC = NO;
				GCC_NO_COMMON_BLOCKS = YES;
				GCC_OPTIMIZATION_LEVEL = 0;
				GCC_PREPROCESSOR_DEFINITIONS = (
					"DEBUG=1",
					"$(inherited)",
				);
				GCC_WARN_64_TO_32_BIT_CONVERSION = YES;
				GCC_WARN_ABOUT_RETURN_TYPE = YES_ERROR;
				GCC_WARN_UNDECLARED_SELECTOR = YES;
				GCC_WARN_UNINITIALIZED_AUTOS = YES_AGGRESSIVE;
				GCC_WARN_UNUSED_FUNCTION = YES;
				GCC_WARN_UNUSED_VARIABLE = YES;
				IPHONEOS_DEPLOYMENT_TARGET = 10.3;
				MTL_ENABLE_DEBUG_INFO = YES;
				ONLY_ACTIVE_ARCH = YES;
				SDKROOT = iphoneos;
				SWIFT_ACTIVE_COMPILATION_CONDITIONS = DEBUG;
				SWIFT_OPTIMIZATION_LEVEL = "-Onone";
				TARGETED_DEVICE_FAMILY = "1,2";
			};
			name = Debug;
		};
		9B23BE681F3A9FC900C4D9C3 /* Release */ = {
			isa = XCBuildConfiguration;
			buildSettings = {
				ALWAYS_SEARCH_USER_PATHS = NO;
				CLANG_ANALYZER_NONNULL = YES;
				CLANG_ANALYZER_NUMBER_OBJECT_CONVERSION = YES_AGGRESSIVE;
				CLANG_CXX_LANGUAGE_STANDARD = "gnu++0x";
				CLANG_CXX_LIBRARY = "libc++";
				CLANG_ENABLE_MODULES = YES;
				CLANG_ENABLE_OBJC_ARC = YES;
				CLANG_WARN_BOOL_CONVERSION = YES;
				CLANG_WARN_CONSTANT_CONVERSION = YES;
				CLANG_WARN_DIRECT_OBJC_ISA_USAGE = YES_ERROR;
				CLANG_WARN_DOCUMENTATION_COMMENTS = YES;
				CLANG_WARN_EMPTY_BODY = YES;
				CLANG_WARN_ENUM_CONVERSION = YES;
				CLANG_WARN_INFINITE_RECURSION = YES;
				CLANG_WARN_INT_CONVERSION = YES;
				CLANG_WARN_OBJC_ROOT_CLASS = YES_ERROR;
				CLANG_WARN_SUSPICIOUS_MOVE = YES;
				CLANG_WARN_UNREACHABLE_CODE = YES;
				CLANG_WARN__DUPLICATE_METHOD_MATCH = YES;
				"CODE_SIGN_IDENTITY[sdk=iphoneos*]" = "iPhone Developer";
				COPY_PHASE_STRIP = NO;
				DEBUG_INFORMATION_FORMAT = "dwarf-with-dsym";
				ENABLE_NS_ASSERTIONS = NO;
				ENABLE_STRICT_OBJC_MSGSEND = YES;
				GCC_C_LANGUAGE_STANDARD = gnu99;
				GCC_NO_COMMON_BLOCKS = YES;
				GCC_WARN_64_TO_32_BIT_CONVERSION = YES;
				GCC_WARN_ABOUT_RETURN_TYPE = YES_ERROR;
				GCC_WARN_UNDECLARED_SELECTOR = YES;
				GCC_WARN_UNINITIALIZED_AUTOS = YES_AGGRESSIVE;
				GCC_WARN_UNUSED_FUNCTION = YES;
				GCC_WARN_UNUSED_VARIABLE = YES;
				IPHONEOS_DEPLOYMENT_TARGET = 10.3;
				MTL_ENABLE_DEBUG_INFO = NO;
				SDKROOT = iphoneos;
				SWIFT_OPTIMIZATION_LEVEL = "-Owholemodule";
				TARGETED_DEVICE_FAMILY = "1,2";
				VALIDATE_PRODUCT = YES;
			};
			name = Release;
		};
		9B23BE6A1F3A9FC900C4D9C3 /* Debug */ = {
			isa = XCBuildConfiguration;
			buildSettings = {
				ASSETCATALOG_COMPILER_APPICON_NAME = AppIcon;
				DEVELOPMENT_TEAM = 8V57DJJGL2;
				INFOPLIST_FILE = swapingscreens/Info.plist;
				LD_RUNPATH_SEARCH_PATHS = "$(inherited) @executable_path/Frameworks";
				PRODUCT_BUNDLE_IDENTIFIER = chima.swapingscreens;
				PRODUCT_NAME = "$(TARGET_NAME)";
				SWIFT_VERSION = 3.0;
			};
			name = Debug;
		};
		9B23BE6B1F3A9FC900C4D9C3 /* Release */ = {
			isa = XCBuildConfiguration;
			buildSettings = {
				ASSETCATALOG_COMPILER_APPICON_NAME = AppIcon;
				DEVELOPMENT_TEAM = 8V57DJJGL2;
				INFOPLIST_FILE = swapingscreens/Info.plist;
				LD_RUNPATH_SEARCH_PATHS = "$(inherited) @executable_path/Frameworks";
				PRODUCT_BUNDLE_IDENTIFIER = chima.swapingscreens;
				PRODUCT_NAME = "$(TARGET_NAME)";
				SWIFT_VERSION = 3.0;
			};
			name = Release;
		};
		9B23BE6D1F3A9FC900C4D9C3 /* Debug */ = {
			isa = XCBuildConfiguration;
			buildSettings = {
				ALWAYS_EMBED_SWIFT_STANDARD_LIBRARIES = YES;
				BUNDLE_LOADER = "$(TEST_HOST)";
				DEVELOPMENT_TEAM = 8V57DJJGL2;
				INFOPLIST_FILE = swapingscreensTests/Info.plist;
				LD_RUNPATH_SEARCH_PATHS = "$(inherited) @executable_path/Frameworks @loader_path/Frameworks";
				PRODUCT_BUNDLE_IDENTIFIER = chima.swapingscreensTests;
				PRODUCT_NAME = "$(TARGET_NAME)";
				SWIFT_VERSION = 3.0;
				TEST_HOST = "$(BUILT_PRODUCTS_DIR)/swapingscreens.app/swapingscreens";
			};
			name = Debug;
		};
		9B23BE6E1F3A9FC900C4D9C3 /* Release */ = {
			isa = XCBuildConfiguration;
			buildSettings = {
				ALWAYS_EMBED_SWIFT_STANDARD_LIBRARIES = YES;
				BUNDLE_LOADER = "$(TEST_HOST)";
				DEVELOPMENT_TEAM = 8V57DJJGL2;
				INFOPLIST_FILE = swapingscreensTests/Info.plist;
				LD_RUNPATH_SEARCH_PATHS = "$(inherited) @executable_path/Frameworks @loader_path/Frameworks";
				PRODUCT_BUNDLE_IDENTIFIER = chima.swapingscreensTests;
				PRODUCT_NAME = "$(TARGET_NAME)";
				SWIFT_VERSION = 3.0;
				TEST_HOST = "$(BUILT_PRODUCTS_DIR)/swapingscreens.app/swapingscreens";
			};
			name = Release;
		};
		9B23BE701F3A9FC900C4D9C3 /* Debug */ = {
			isa = XCBuildConfiguration;
			buildSettings = {
				ALWAYS_EMBED_SWIFT_STANDARD_LIBRARIES = YES;
				DEVELOPMENT_TEAM = 8V57DJJGL2;
				INFOPLIST_FILE = swapingscreensUITests/Info.plist;
				LD_RUNPATH_SEARCH_PATHS = "$(inherited) @executable_path/Frameworks @loader_path/Frameworks";
				PRODUCT_BUNDLE_IDENTIFIER = chima.swapingscreensUITests;
				PRODUCT_NAME = "$(TARGET_NAME)";
				SWIFT_VERSION = 3.0;
				TEST_TARGET_NAME = swapingscreens;
			};
			name = Debug;
		};
		9B23BE711F3A9FC900C4D9C3 /* Release */ = {
			isa = XCBuildConfiguration;
			buildSettings = {
				ALWAYS_EMBED_SWIFT_STANDARD_LIBRARIES = YES;
				DEVELOPMENT_TEAM = 8V57DJJGL2;
				INFOPLIST_FILE = swapingscreensUITests/Info.plist;
				LD_RUNPATH_SEARCH_PATHS = "$(inherited) @executable_path/Frameworks @loader_path/Frameworks";
				PRODUCT_BUNDLE_IDENTIFIER = chima.swapingscreensUITests;
				PRODUCT_NAME = "$(TARGET_NAME)";
				SWIFT_VERSION = 3.0;
				TEST_TARGET_NAME = swapingscreens;
			};
			name = Release;
		};
/* End XCBuildConfiguration section */

/* Begin XCConfigurationList section */
		9B23BE3C1F3A9FC800C4D9C3 /* Build configuration list for PBXProject "swapingscreens" */ = {
			isa = XCConfigurationList;
			buildConfigurations = (
				9B23BE671F3A9FC900C4D9C3 /* Debug */,
				9B23BE681F3A9FC900C4D9C3 /* Release */,
			);
			defaultConfigurationIsVisible = 0;
			defaultConfigurationName = Release;
		};
		9B23BE691F3A9FC900C4D9C3 /* Build configuration list for PBXNativeTarget "swapingscreens" */ = {
			isa = XCConfigurationList;
			buildConfigurations = (
				9B23BE6A1F3A9FC900C4D9C3 /* Debug */,
				9B23BE6B1F3A9FC900C4D9C3 /* Release */,
			);
			defaultConfigurationIsVisible = 0;
			defaultConfigurationName = Release;
		};
		9B23BE6C1F3A9FC900C4D9C3 /* Build configuration list for PBXNativeTarget "swapingscreensTests" */ = {
			isa = XCConfigurationList;
			buildConfigurations = (
				9B23BE6D1F3A9FC900C4D9C3 /* Debug */,
				9B23BE6E1F3A9FC900C4D9C3 /* Release */,
			);
			defaultConfigurationIsVisible = 0;
			defaultConfigurationName = Release;
		};
		9B23BE6F1F3A9FC900C4D9C3 /* Build configuration list for PBXNativeTarget "swapingscreensUITests" */ = {
			isa = XCConfigurationList;
			buildConfigurations = (
				9B23BE701F3A9FC900C4D9C3 /* Debug */,
				9B23BE711F3A9FC900C4D9C3 /* Release */,
			);
			defaultConfigurationIsVisible = 0;
			defaultConfigurationName = Release;
		};
/* End XCConfigurationList section */
	};
	rootObject = 9B23BE391F3A9FC800C4D9C3 /* Project object */;
}
